
Microsoft Visual Studio Solution File, Format Version 12.00
# Visual Studio 15
VisualStudioVersion = 15.0.27004.2009
MinimumVisualStudioVersion = 10.0.40219.1
Project("{FAE04EC0-301F-11D3-BF4B-00C04F79EFBC}") = "LGInterface", "LGInterface\LGInterface.csproj", "{4615EA38-A544-49EB-BEFA-AB715BB79D10}"
EndProject
Project("{FAE04EC0-301F-11D3-BF4B-00C04F79EFBC}") = "LGInterfaceTests", "LGInterfaceTests\LGInterfaceTests.csproj", "{3A0B3597-31A5-4C8E-A0D4-46560EB26C3C}"
EndProject
Project("{FAE04EC0-301F-11D3-BF4B-00C04F79EFBC}") = "PisResultSender", "病理结果回传exe\病理结果回传exe\PisResultSender.csproj", "{6A4FE443-846D-45A9-92A1-3FED9340A8C1}"
EndProject
Project("{FAE04EC0-301F-11D3-BF4B-00C04F79EFBC}") = "PisResultSenderTests", "病理结果回传exe\PisResultSenderTests\PisResultSenderTests.csproj", "{BA28A076-8593-4B4E-AA6C-761EA7F62BBC}"
EndProject
Project("{FAE04EC0-301F-11D3-BF4B-00C04F79EFBC}") = "ResendReport", "病理结果回传exe\ResendReport\ResendReport.csproj", "{271BEA23-2900-485B-9598-F1B5C68F7F8D}"
EndProject
Project("{FAE04EC0-301F-11D3-BF4B-00C04F79EFBC}") = "CrisisStatusService", "危急值状态回写WebService\WebApplication1\CrisisStatusService.csproj", "{3A8225BD-E3B8-44EE-BBF5-2435CCE51B4F}"
EndProject
Project("{FAE04EC0-301F-11D3-BF4B-00C04F79EFBC}") = "CrisisStatusServiceTests", "危急值状态回写WebService\WebApplication1Tests\CrisisStatusServiceTests.csproj", "{E4F2A4FE-0351-483B-8C46-47B39EE0CD73}"
EndProject
Project("{2150E333-8FDC-42A3-9474-1A3956D46DE8}") = "Test", "Test", "{078C373F-56EC-4A22-9E45-2D7211CE03A0}"
EndProject
Project("{FAE04EC0-301F-11D3-BF4B-00C04F79EFBC}") = "SampleReceiveLogin", "SampleReceiveLogin\SampleReceiveLogin.csproj", "{4D3B24D0-AB46-4904-A592-E5E244E3164F}"
EndProject
Global
	GlobalSection(SolutionConfigurationPlatforms) = preSolution
		Debug|Any CPU = Debug|Any CPU
		Release|Any CPU = Release|Any CPU
	EndGlobalSection
	GlobalSection(ProjectConfigurationPlatforms) = postSolution
		{4615EA38-A544-49EB-BEFA-AB715BB79D10}.Debug|Any CPU.ActiveCfg = Debug|Any CPU
		{4615EA38-A544-49EB-BEFA-AB715BB79D10}.Debug|Any CPU.Build.0 = Debug|Any CPU
		{4615EA38-A544-49EB-BEFA-AB715BB79D10}.Release|Any CPU.ActiveCfg = Release|Any CPU
		{4615EA38-A544-49EB-BEFA-AB715BB79D10}.Release|Any CPU.Build.0 = Release|Any CPU
		{3A0B3597-31A5-4C8E-A0D4-46560EB26C3C}.Debug|Any CPU.ActiveCfg = Debug|Any CPU
		{3A0B3597-31A5-4C8E-A0D4-46560EB26C3C}.Debug|Any CPU.Build.0 = Debug|Any CPU
		{3A0B3597-31A5-4C8E-A0D4-46560EB26C3C}.Release|Any CPU.ActiveCfg = Release|Any CPU
		{3A0B3597-31A5-4C8E-A0D4-46560EB26C3C}.Release|Any CPU.Build.0 = Release|Any CPU
		{6A4FE443-846D-45A9-92A1-3FED9340A8C1}.Debug|Any CPU.ActiveCfg = Debug|Any CPU
		{6A4FE443-846D-45A9-92A1-3FED9340A8C1}.Debug|Any CPU.Build.0 = Debug|Any CPU
		{6A4FE443-846D-45A9-92A1-3FED9340A8C1}.Release|Any CPU.ActiveCfg = Release|Any CPU
		{6A4FE443-846D-45A9-92A1-3FED9340A8C1}.Release|Any CPU.Build.0 = Release|Any CPU
		{BA28A076-8593-4B4E-AA6C-761EA7F62BBC}.Debug|Any CPU.ActiveCfg = Debug|Any CPU
		{BA28A076-8593-4B4E-AA6C-761EA7F62BBC}.Debug|Any CPU.Build.0 = Debug|Any CPU
		{BA28A076-8593-4B4E-AA6C-761EA7F62BBC}.Release|Any CPU.ActiveCfg = Release|Any CPU
		{BA28A076-8593-4B4E-AA6C-761EA7F62BBC}.Release|Any CPU.Build.0 = Release|Any CPU
		{271BEA23-2900-485B-9598-F1B5C68F7F8D}.Debug|Any CPU.ActiveCfg = Debug|Any CPU
		{271BEA23-2900-485B-9598-F1B5C68F7F8D}.Debug|Any CPU.Build.0 = Debug|Any CPU
		{271BEA23-2900-485B-9598-F1B5C68F7F8D}.Release|Any CPU.ActiveCfg = Release|Any CPU
		{271BEA23-2900-485B-9598-F1B5C68F7F8D}.Release|Any CPU.Build.0 = Release|Any CPU
		{3A8225BD-E3B8-44EE-BBF5-2435CCE51B4F}.Debug|Any CPU.ActiveCfg = Debug|Any CPU
		{3A8225BD-E3B8-44EE-BBF5-2435CCE51B4F}.Debug|Any CPU.Build.0 = Debug|Any CPU
		{3A8225BD-E3B8-44EE-BBF5-2435CCE51B4F}.Release|Any CPU.ActiveCfg = Release|Any CPU
		{3A8225BD-E3B8-44EE-BBF5-2435CCE51B4F}.Release|Any CPU.Build.0 = Release|Any CPU
		{E4F2A4FE-0351-483B-8C46-47B39EE0CD73}.Debug|Any CPU.ActiveCfg = Debug|Any CPU
		{E4F2A4FE-0351-483B-8C46-47B39EE0CD73}.Debug|Any CPU.Build.0 = Debug|Any CPU
		{E4F2A4FE-0351-483B-8C46-47B39EE0CD73}.Release|Any CPU.ActiveCfg = Release|Any CPU
		{E4F2A4FE-0351-483B-8C46-47B39EE0CD73}.Release|Any CPU.Build.0 = Release|Any CPU
		{4D3B24D0-AB46-4904-A592-E5E244E3164F}.Debug|Any CPU.ActiveCfg = Debug|Any CPU
		{4D3B24D0-AB46-4904-A592-E5E244E3164F}.Debug|Any CPU.Build.0 = Debug|Any CPU
		{4D3B24D0-AB46-4904-A592-E5E244E3164F}.Release|Any CPU.ActiveCfg = Release|Any CPU
		{4D3B24D0-AB46-4904-A592-E5E244E3164F}.Release|Any CPU.Build.0 = Release|Any CPU
	EndGlobalSection
	GlobalSection(SolutionProperties) = preSolution
		HideSolutionNode = FALSE
	EndGlobalSection
	GlobalSection(NestedProjects) = preSolution
		{3A0B3597-31A5-4C8E-A0D4-46560EB26C3C} = {078C373F-56EC-4A22-9E45-2D7211CE03A0}
		{BA28A076-8593-4B4E-AA6C-761EA7F62BBC} = {078C373F-56EC-4A22-9E45-2D7211CE03A0}
		{E4F2A4FE-0351-483B-8C46-47B39EE0CD73} = {078C373F-56EC-4A22-9E45-2D7211CE03A0}
	EndGlobalSection
	GlobalSection(ExtensibilityGlobals) = postSolution
		SolutionGuid = {1A00F880-E5D3-47B7-B939-2189B234D397}
	EndGlobalSection
EndGlobal
