
Microsoft Visual Studio Solution File, Format Version 12.00
# Visual Studio 14
VisualStudioVersion = 14.0.25420.1
MinimumVisualStudioVersion = 10.0.40219.1
Project("{FAE04EC0-301F-11D3-BF4B-00C04F79EFBC}") = "CrisisStatusService", "WebApplication1\CrisisStatusService.csproj", "{3A8225BD-E3B8-44EE-BBF5-2435CCE51B4F}"
EndProject
Project("{FAE04EC0-301F-11D3-BF4B-00C04F79EFBC}") = "WebApplication1Tests", "WebApplication1Tests\WebApplication1Tests.csproj", "{E4F2A4FE-0351-483B-8C46-47B39EE0CD73}"
	ProjectSection(ProjectDependencies) = postProject
		{3A8225BD-E3B8-44EE-BBF5-2435CCE51B4F} = {3A8225BD-E3B8-44EE-BBF5-2435CCE51B4F}
	EndProjectSection
EndProject
Project("{FAE04EC0-301F-11D3-BF4B-00C04F79EFBC}") = "CrisisStatusServiceTests1", "CrisisStatusServiceTests1\CrisisStatusServiceTests1.csproj", "{E3151F60-239D-45D5-A7AD-0AE219F80509}"
EndProject
Global
	GlobalSection(SolutionConfigurationPlatforms) = preSolution
		Debug|Any CPU = Debug|Any CPU
		Release|Any CPU = Release|Any CPU
	EndGlobalSection
	GlobalSection(ProjectConfigurationPlatforms) = postSolution
		{3A8225BD-E3B8-44EE-BBF5-2435CCE51B4F}.Debug|Any CPU.ActiveCfg = Debug|Any CPU
		{3A8225BD-E3B8-44EE-BBF5-2435CCE51B4F}.Debug|Any CPU.Build.0 = Debug|Any CPU
		{3A8225BD-E3B8-44EE-BBF5-2435CCE51B4F}.Release|Any CPU.ActiveCfg = Release|Any CPU
		{3A8225BD-E3B8-44EE-BBF5-2435CCE51B4F}.Release|Any CPU.Build.0 = Release|Any CPU
		{E4F2A4FE-0351-483B-8C46-47B39EE0CD73}.Debug|Any CPU.ActiveCfg = Debug|Any CPU
		{E4F2A4FE-0351-483B-8C46-47B39EE0CD73}.Debug|Any CPU.Build.0 = Debug|Any CPU
		{E4F2A4FE-0351-483B-8C46-47B39EE0CD73}.Release|Any CPU.ActiveCfg = Release|Any CPU
		{E4F2A4FE-0351-483B-8C46-47B39EE0CD73}.Release|Any CPU.Build.0 = Release|Any CPU
		{E3151F60-239D-45D5-A7AD-0AE219F80509}.Debug|Any CPU.ActiveCfg = Debug|Any CPU
		{E3151F60-239D-45D5-A7AD-0AE219F80509}.Debug|Any CPU.Build.0 = Debug|Any CPU
		{E3151F60-239D-45D5-A7AD-0AE219F80509}.Release|Any CPU.ActiveCfg = Release|Any CPU
		{E3151F60-239D-45D5-A7AD-0AE219F80509}.Release|Any CPU.Build.0 = Release|Any CPU
	EndGlobalSection
	GlobalSection(SolutionProperties) = preSolution
		HideSolutionNode = FALSE
	EndGlobalSection
EndGlobal
